
Microsoft Visual Studio Solution File, Format Version 12.00
Project("{FAE04EC0-301F-11D3-BF4B-00C04F79EFBC}") = "WebApplication", "WebApplication\WebApplication.csproj", "{16D05C05-CE14-4CDA-8F10-0B3A067DC0F9}"
EndProject
Project("{FAE04EC0-301F-11D3-BF4B-00C04F79EFBC}") = "API", "API\API.csproj", "{3A5C8FD6-022C-48C9-946B-025D852F7F3A}"
EndProject
Global
	GlobalSection(SolutionConfigurationPlatforms) = preSolution
		Debug|Any CPU = Debug|Any CPU
		Release|Any CPU = Release|Any CPU
	EndGlobalSection
	GlobalSection(ProjectConfigurationPlatforms) = postSolution
		{16D05C05-CE14-4CDA-8F10-0B3A067DC0F9}.Debug|Any CPU.ActiveCfg = Debug|Any CPU
		{16D05C05-CE14-4CDA-8F10-0B3A067DC0F9}.Debug|Any CPU.Build.0 = Debug|Any CPU
		{16D05C05-CE14-4CDA-8F10-0B3A067DC0F9}.Release|Any CPU.ActiveCfg = Release|Any CPU
		{16D05C05-CE14-4CDA-8F10-0B3A067DC0F9}.Release|Any CPU.Build.0 = Release|Any CPU
		{3A5C8FD6-022C-48C9-946B-025D852F7F3A}.Debug|Any CPU.ActiveCfg = Debug|Any CPU
		{3A5C8FD6-022C-48C9-946B-025D852F7F3A}.Debug|Any CPU.Build.0 = Debug|Any CPU
		{3A5C8FD6-022C-48C9-946B-025D852F7F3A}.Release|Any CPU.ActiveCfg = Release|Any CPU
		{3A5C8FD6-022C-48C9-946B-025D852F7F3A}.Release|Any CPU.Build.0 = Release|Any CPU
	EndGlobalSection
EndGlobal
